{
  "version": "v1",
  "packages": {
    "@vykeai/fed": {
      "signature": "a4aced54b6f0d81c764a4e36eeecaa82",
      "file": true,
      "replaced": "github:vykeai/fed"
    },
    "omnai": {
      "signature": "f5c1480d0eabc6096b00593a50d8b42d",
      "file": true,
      "replaced": "file:../omnai/packages/core"
    },
    "@czaku/lure": {
      "signature": "f8a1eb4dd28b669cb4c24a35858d8ba3",
      "file": true,
      "replaced": "github:vykeai/lure"
    },
    "@sweech/engine": {
      "signature": "bc861907013cbddfaf09226b4cc6e251",
      "file": true
    }
  }
}