{
  "version": "v1",
  "packages": {
    "@vykeai/fed": {
      "signature": "ece896505edf36c3d85af961d05a9375",
      "file": true,
      "replaced": "github:vykeai/fed"
    },
    "omnai": {
      "signature": "f5c1480d0eabc6096b00593a50d8b42d",
      "file": true,
      "replaced": "file:../omnai/packages/core"
    },
    "@czaku/lure": {
      "signature": "f8a1eb4dd28b669cb4c24a35858d8ba3",
      "file": true,
      "replaced": "github:vykeai/lure"
    },
    "@sweech/engine": {
      "signature": "b0bdd4ab0946abdcc39ee0868784e448",
      "file": true
    }
  }
}